
Microsoft Visual Studio Solution File, Format Version 12.00
# Visual Studio Version 17
VisualStudioVersion = 17.0.32014.148
MinimumVisualStudioVersion = 10.0.40219.1
Project("{FAE04EC0-301F-11D3-BF4B-00C04F79EFBC}") = "examNoteAvg", "examNoteAvg\examNoteAvg.csproj", "{FDCC5276-D8BE-4141-8170-F3C15CCEFBE2}"
EndProject
Global
	GlobalSection(SolutionConfigurationPlatforms) = preSolution
		Debug|Any CPU = Debug|Any CPU
		Release|Any CPU = Release|Any CPU
	EndGlobalSection
	GlobalSection(ProjectConfigurationPlatforms) = postSolution
		{FDCC5276-D8BE-4141-8170-F3C15CCEFBE2}.Debug|Any CPU.ActiveCfg = Debug|Any CPU
		{FDCC5276-D8BE-4141-8170-F3C15CCEFBE2}.Debug|Any CPU.Build.0 = Debug|Any CPU
		{FDCC5276-D8BE-4141-8170-F3C15CCEFBE2}.Release|Any CPU.ActiveCfg = Release|Any CPU
		{FDCC5276-D8BE-4141-8170-F3C15CCEFBE2}.Release|Any CPU.Build.0 = Release|Any CPU
	EndGlobalSection
	GlobalSection(SolutionProperties) = preSolution
		HideSolutionNode = FALSE
	EndGlobalSection
	GlobalSection(ExtensibilityGlobals) = postSolution
		SolutionGuid = {D1B0BFF3-34AD-4AE4-92FD-9A63D4E1D6EA}
	EndGlobalSection
EndGlobal
