
Microsoft Visual Studio Solution File, Format Version 12.00
# Visual Studio Version 17
VisualStudioVersion = 17.0.32014.148
MinimumVisualStudioVersion = 10.0.40219.1
Project("{FAE04EC0-301F-11D3-BF4B-00C04F79EFBC}") = "dordeKalansizBolunen", "dordeKalansizBolunen\dordeKalansizBolunen.csproj", "{BC67F3E0-3CFF-44B5-B41E-EF4493BF0AE4}"
EndProject
Global
	GlobalSection(SolutionConfigurationPlatforms) = preSolution
		Debug|Any CPU = Debug|Any CPU
		Release|Any CPU = Release|Any CPU
	EndGlobalSection
	GlobalSection(ProjectConfigurationPlatforms) = postSolution
		{BC67F3E0-3CFF-44B5-B41E-EF4493BF0AE4}.Debug|Any CPU.ActiveCfg = Debug|Any CPU
		{BC67F3E0-3CFF-44B5-B41E-EF4493BF0AE4}.Debug|Any CPU.Build.0 = Debug|Any CPU
		{BC67F3E0-3CFF-44B5-B41E-EF4493BF0AE4}.Release|Any CPU.ActiveCfg = Release|Any CPU
		{BC67F3E0-3CFF-44B5-B41E-EF4493BF0AE4}.Release|Any CPU.Build.0 = Release|Any CPU
	EndGlobalSection
	GlobalSection(SolutionProperties) = preSolution
		HideSolutionNode = FALSE
	EndGlobalSection
	GlobalSection(ExtensibilityGlobals) = postSolution
		SolutionGuid = {EEA1FEC9-6985-46B5-8174-8EF55B339C56}
	EndGlobalSection
EndGlobal
